
Microsoft Visual Studio Solution File, Format Version 12.00
# Visual Studio Version 17
VisualStudioVersion = 17.9.34728.123
MinimumVisualStudioVersion = 10.0.40219.1
Project("{9A19103F-16F7-4668-BE54-9A1E7A4F7556}") = "AtomicLoader", "AtomicLoader.csproj", "{8BE3F54D-21CB-4D94-B028-4D1DE9B1D40A}"
EndProject
Global
	GlobalSection(SolutionConfigurationPlatforms) = preSolution
		Debug|Any CPU = Debug|Any CPU
		Release|Any CPU = Release|Any CPU
	EndGlobalSection
	GlobalSection(ProjectConfigurationPlatforms) = postSolution
		{8BE3F54D-21CB-4D94-B028-4D1DE9B1D40A}.Debug|Any CPU.ActiveCfg = Release|Any CPU
		{8BE3F54D-21CB-4D94-B028-4D1DE9B1D40A}.Debug|Any CPU.Build.0 = Release|Any CPU
		{8BE3F54D-21CB-4D94-B028-4D1DE9B1D40A}.Release|Any CPU.ActiveCfg = Release|Any CPU
		{8BE3F54D-21CB-4D94-B028-4D1DE9B1D40A}.Release|Any CPU.Build.0 = Release|Any CPU
	EndGlobalSection
	GlobalSection(SolutionProperties) = preSolution
		HideSolutionNode = FALSE
	EndGlobalSection
	GlobalSection(ExtensibilityGlobals) = postSolution
		SolutionGuid = {6A7ACCE5-538C-4A2E-90D7-EF61F8521B18}
	EndGlobalSection
EndGlobal
